# This file is automatically @generated by Wally.
# It is not intended for manual editing.
registry = "test"

[[package]]
name = "corecii/greentea"
version = "0.4.7"
dependencies = []

[[package]]
name = "howmanysmall/semantic-version"
version = "1.0.0"
dependencies = [["GreenTea", "corecii/greentea@0.4.7"]]
